{
  "version": 4,
  "terraform_version": "1.6.6",
  "serial": 23,
  "lineage": "af70b213-9a7a-cfa7-6144-438fbbadde9e",
  "outputs": {},
  "resources": [
    {
      "mode": "managed",
      "type": "google_secret_manager_secret",
      "name": "cloud_sql_secrets",
      "provider": "provider[\"registry.terraform.io/hashicorp/google\"]",
      "instances": [
        {
          "index_key": "secret1",
          "schema_version": 0,
          "attributes": {
            "annotations": null,
            "create_time": "2023-12-21T17:31:35.981384Z",
            "effective_annotations": {},
            "effective_labels": {},
            "expire_time": "",
            "id": "projects/absolute-range-408808/secrets/hostname",
            "labels": null,
            "name": "projects/690636563765/secrets/hostname",
            "project": "absolute-range-408808",
            "replication": [
              {
                "auto": [
                  {
                    "customer_managed_encryption": []
                  }
                ],
                "user_managed": []
              }
            ],
            "rotation": [],
            "secret_id": "hostname",
            "terraform_labels": {},
            "timeouts": null,
            "topics": [],
            "ttl": null,
            "version_aliases": null
          },
          "sensitive_attributes": [],
          "private": "eyJlMmJmYjczMC1lY2FhLTExZTYtOGY4OC0zNDM2M2JjN2M0YzAiOnsiY3JlYXRlIjoxMjAwMDAwMDAwMDAwLCJkZWxldGUiOjEyMDAwMDAwMDAwMDAsInVwZGF0ZSI6MTIwMDAwMDAwMDAwMH19"
        },
        {
          "index_key": "secret2",
          "schema_version": 0,
          "attributes": {
            "annotations": null,
            "create_time": "2023-12-21T17:31:35.980812Z",
            "effective_annotations": {},
            "effective_labels": {},
            "expire_time": "",
            "id": "projects/absolute-range-408808/secrets/username",
            "labels": null,
            "name": "projects/690636563765/secrets/username",
            "project": "absolute-range-408808",
            "replication": [
              {
                "auto": [
                  {
                    "customer_managed_encryption": []
                  }
                ],
                "user_managed": []
              }
            ],
            "rotation": [],
            "secret_id": "username",
            "terraform_labels": {},
            "timeouts": null,
            "topics": [],
            "ttl": null,
            "version_aliases": null
          },
          "sensitive_attributes": [],
          "private": "eyJlMmJmYjczMC1lY2FhLTExZTYtOGY4OC0zNDM2M2JjN2M0YzAiOnsiY3JlYXRlIjoxMjAwMDAwMDAwMDAwLCJkZWxldGUiOjEyMDAwMDAwMDAwMDAsInVwZGF0ZSI6MTIwMDAwMDAwMDAwMH19"
        },
        {
          "index_key": "secret3",
          "schema_version": 0,
          "attributes": {
            "annotations": null,
            "create_time": "2023-12-21T17:31:33.322357Z",
            "effective_annotations": {},
            "effective_labels": {},
            "expire_time": "",
            "id": "projects/absolute-range-408808/secrets/password",
            "labels": null,
            "name": "projects/690636563765/secrets/password",
            "project": "absolute-range-408808",
            "replication": [
              {
                "auto": [
                  {
                    "customer_managed_encryption": []
                  }
                ],
                "user_managed": []
              }
            ],
            "rotation": [],
            "secret_id": "password",
            "terraform_labels": {},
            "timeouts": null,
            "topics": [],
            "ttl": null,
            "version_aliases": null
          },
          "sensitive_attributes": [],
          "private": "eyJlMmJmYjczMC1lY2FhLTExZTYtOGY4OC0zNDM2M2JjN2M0YzAiOnsiY3JlYXRlIjoxMjAwMDAwMDAwMDAwLCJkZWxldGUiOjEyMDAwMDAwMDAwMDAsInVwZGF0ZSI6MTIwMDAwMDAwMDAwMH19"
        },
        {
          "index_key": "secret4",
          "schema_version": 0,
          "attributes": {
            "annotations": null,
            "create_time": "2023-12-21T17:31:35.742179Z",
            "effective_annotations": {},
            "effective_labels": {},
            "expire_time": "",
            "id": "projects/absolute-range-408808/secrets/database",
            "labels": null,
            "name": "projects/690636563765/secrets/database",
            "project": "absolute-range-408808",
            "replication": [
              {
                "auto": [
                  {
                    "customer_managed_encryption": []
                  }
                ],
                "user_managed": []
              }
            ],
            "rotation": [],
            "secret_id": "database",
            "terraform_labels": {},
            "timeouts": null,
            "topics": [],
            "ttl": null,
            "version_aliases": null
          },
          "sensitive_attributes": [],
          "private": "eyJlMmJmYjczMC1lY2FhLTExZTYtOGY4OC0zNDM2M2JjN2M0YzAiOnsiY3JlYXRlIjoxMjAwMDAwMDAwMDAwLCJkZWxldGUiOjEyMDAwMDAwMDAwMDAsInVwZGF0ZSI6MTIwMDAwMDAwMDAwMH19"
        }
      ]
    },
    {
      "mode": "managed",
      "type": "google_secret_manager_secret_version",
      "name": "hostname",
      "provider": "provider[\"registry.terraform.io/hashicorp/google\"]",
      "instances": [
        {
          "index_key": "secret1",
          "schema_version": 0,
          "attributes": {
            "create_time": "2023-12-21T17:31:43.691168Z",
            "deletion_policy": "DELETE",
            "destroy_time": "",
            "enabled": true,
            "id": "projects/690636563765/secrets/hostname/versions/1",
            "is_secret_data_base64": false,
            "name": "projects/690636563765/secrets/hostname/versions/1",
            "secret": "projects/absolute-range-408808/secrets/hostname",
            "secret_data": "cloudsqlhost",
            "timeouts": null,
            "version": "1"
          },
          "sensitive_attributes": [],
          "private": "eyJlMmJmYjczMC1lY2FhLTExZTYtOGY4OC0zNDM2M2JjN2M0YzAiOnsiY3JlYXRlIjoxMjAwMDAwMDAwMDAwLCJkZWxldGUiOjEyMDAwMDAwMDAwMDAsInVwZGF0ZSI6MTIwMDAwMDAwMDAwMH19",
          "dependencies": [
            "google_secret_manager_secret.cloud_sql_secrets"
          ]
        },
        {
          "index_key": "secret2",
          "schema_version": 0,
          "attributes": {
            "create_time": "2023-12-21T17:31:41.656337Z",
            "deletion_policy": "DELETE",
            "destroy_time": "",
            "enabled": true,
            "id": "projects/690636563765/secrets/username/versions/1",
            "is_secret_data_base64": false,
            "name": "projects/690636563765/secrets/username/versions/1",
            "secret": "projects/absolute-range-408808/secrets/username",
            "secret_data": "master",
            "timeouts": null,
            "version": "1"
          },
          "sensitive_attributes": [],
          "private": "eyJlMmJmYjczMC1lY2FhLTExZTYtOGY4OC0zNDM2M2JjN2M0YzAiOnsiY3JlYXRlIjoxMjAwMDAwMDAwMDAwLCJkZWxldGUiOjEyMDAwMDAwMDAwMDAsInVwZGF0ZSI6MTIwMDAwMDAwMDAwMH19",
          "dependencies": [
            "google_secret_manager_secret.cloud_sql_secrets"
          ]
        },
        {
          "index_key": "secret3",
          "schema_version": 0,
          "attributes": {
            "create_time": "2023-12-21T17:31:44.987574Z",
            "deletion_policy": "DELETE",
            "destroy_time": "",
            "enabled": true,
            "id": "projects/690636563765/secrets/password/versions/1",
            "is_secret_data_base64": false,
            "name": "projects/690636563765/secrets/password/versions/1",
            "secret": "projects/absolute-range-408808/secrets/password",
            "secret_data": "master",
            "timeouts": null,
            "version": "1"
          },
          "sensitive_attributes": [],
          "private": "eyJlMmJmYjczMC1lY2FhLTExZTYtOGY4OC0zNDM2M2JjN2M0YzAiOnsiY3JlYXRlIjoxMjAwMDAwMDAwMDAwLCJkZWxldGUiOjEyMDAwMDAwMDAwMDAsInVwZGF0ZSI6MTIwMDAwMDAwMDAwMH19",
          "dependencies": [
            "google_secret_manager_secret.cloud_sql_secrets"
          ]
        },
        {
          "index_key": "secret4",
          "schema_version": 0,
          "attributes": {
            "create_time": "2023-12-21T17:31:42.334860Z",
            "deletion_policy": "DELETE",
            "destroy_time": "",
            "enabled": true,
            "id": "projects/690636563765/secrets/database/versions/1",
            "is_secret_data_base64": false,
            "name": "projects/690636563765/secrets/database/versions/1",
            "secret": "projects/absolute-range-408808/secrets/database",
            "secret_data": "nodesqldb1",
            "timeouts": null,
            "version": "1"
          },
          "sensitive_attributes": [],
          "private": "eyJlMmJmYjczMC1lY2FhLTExZTYtOGY4OC0zNDM2M2JjN2M0YzAiOnsiY3JlYXRlIjoxMjAwMDAwMDAwMDAwLCJkZWxldGUiOjEyMDAwMDAwMDAwMDAsInVwZGF0ZSI6MTIwMDAwMDAwMDAwMH19",
          "dependencies": [
            "google_secret_manager_secret.cloud_sql_secrets"
          ]
        }
      ]
    }
  ],
  "check_results": null
}
