{
  "version": 4,
  "terraform_version": "1.6.6",
  "serial": 10,
  "lineage": "af70b213-9a7a-cfa7-6144-438fbbadde9e",
  "outputs": {},
  "resources": [
    {
      "mode": "managed",
      "type": "google_secret_manager_secret",
      "name": "cloud_sql_secrets",
      "provider": "provider[\"registry.terraform.io/hashicorp/google\"]",
      "instances": [
        {
          "index_key": "secret1",
          "schema_version": 0,
          "attributes": {
            "annotations": null,
            "create_time": "2023-12-21T17:24:04.206341Z",
            "effective_annotations": {},
            "effective_labels": {},
            "expire_time": "",
            "id": "projects/absolute-range-408808/secrets/secret1",
            "labels": null,
            "name": "projects/690636563765/secrets/secret1",
            "project": "absolute-range-408808",
            "replication": [
              {
                "auto": [
                  {
                    "customer_managed_encryption": []
                  }
                ],
                "user_managed": []
              }
            ],
            "rotation": [],
            "secret_id": "secret1",
            "terraform_labels": {},
            "timeouts": null,
            "topics": [],
            "ttl": null,
            "version_aliases": null
          },
          "sensitive_attributes": [],
          "private": "eyJlMmJmYjczMC1lY2FhLTExZTYtOGY4OC0zNDM2M2JjN2M0YzAiOnsiY3JlYXRlIjoxMjAwMDAwMDAwMDAwLCJkZWxldGUiOjEyMDAwMDAwMDAwMDAsInVwZGF0ZSI6MTIwMDAwMDAwMDAwMH19"
        },
        {
          "index_key": "secret2",
          "schema_version": 0,
          "attributes": {
            "annotations": null,
            "create_time": "2023-12-21T17:24:06.629312Z",
            "effective_annotations": {},
            "effective_labels": {},
            "expire_time": "",
            "id": "projects/absolute-range-408808/secrets/secret2",
            "labels": null,
            "name": "projects/690636563765/secrets/secret2",
            "project": "absolute-range-408808",
            "replication": [
              {
                "auto": [
                  {
                    "customer_managed_encryption": []
                  }
                ],
                "user_managed": []
              }
            ],
            "rotation": [],
            "secret_id": "secret2",
            "terraform_labels": {},
            "timeouts": null,
            "topics": [],
            "ttl": null,
            "version_aliases": null
          },
          "sensitive_attributes": [],
          "private": "eyJlMmJmYjczMC1lY2FhLTExZTYtOGY4OC0zNDM2M2JjN2M0YzAiOnsiY3JlYXRlIjoxMjAwMDAwMDAwMDAwLCJkZWxldGUiOjEyMDAwMDAwMDAwMDAsInVwZGF0ZSI6MTIwMDAwMDAwMDAwMH19"
        }
      ]
    },
    {
      "mode": "managed",
      "type": "google_secret_manager_secret_version",
      "name": "hostname",
      "provider": "provider[\"registry.terraform.io/hashicorp/google\"]",
      "instances": [
        {
          "index_key": "secret1",
          "schema_version": 0,
          "attributes": {
            "create_time": "2023-12-21T17:24:10.824100Z",
            "deletion_policy": "DELETE",
            "destroy_time": "",
            "enabled": true,
            "id": "projects/690636563765/secrets/secret1/versions/1",
            "is_secret_data_base64": false,
            "name": "projects/690636563765/secrets/secret1/versions/1",
            "secret": "projects/absolute-range-408808/secrets/secret1",
            "secret_data": "value1",
            "timeouts": null,
            "version": "1"
          },
          "sensitive_attributes": [],
          "private": "eyJlMmJmYjczMC1lY2FhLTExZTYtOGY4OC0zNDM2M2JjN2M0YzAiOnsiY3JlYXRlIjoxMjAwMDAwMDAwMDAwLCJkZWxldGUiOjEyMDAwMDAwMDAwMDAsInVwZGF0ZSI6MTIwMDAwMDAwMDAwMH19",
          "dependencies": [
            "google_secret_manager_secret.cloud_sql_secrets"
          ]
        },
        {
          "index_key": "secret2",
          "schema_version": 0,
          "attributes": {
            "create_time": "2023-12-21T17:24:12.502157Z",
            "deletion_policy": "DELETE",
            "destroy_time": "",
            "enabled": true,
            "id": "projects/690636563765/secrets/secret2/versions/1",
            "is_secret_data_base64": false,
            "name": "projects/690636563765/secrets/secret2/versions/1",
            "secret": "projects/absolute-range-408808/secrets/secret2",
            "secret_data": "value2",
            "timeouts": null,
            "version": "1"
          },
          "sensitive_attributes": [],
          "private": "eyJlMmJmYjczMC1lY2FhLTExZTYtOGY4OC0zNDM2M2JjN2M0YzAiOnsiY3JlYXRlIjoxMjAwMDAwMDAwMDAwLCJkZWxldGUiOjEyMDAwMDAwMDAwMDAsInVwZGF0ZSI6MTIwMDAwMDAwMDAwMH19",
          "dependencies": [
            "google_secret_manager_secret.cloud_sql_secrets"
          ]
        }
      ]
    }
  ],
  "check_results": null
}
